// !$*UTF8*$!
{
	archiveVersion = 1;
	classes = {
	};
	objectVersion = 46;
	objects = {

/* Begin PBXBuildFile section */
		5F0411A61BB91ED80068DC0B /* MovieListViewController.m in Sources */ = {isa = PBXBuildFile; fileRef = 5F0411A51BB91ED80068DC0B /* MovieListViewController.m */; settings = {ASSET_TAGS = (); }; };
		5FF672D81BB403DC00AAB1AB /* main.m in Sources */ = {isa = PBXBuildFile; fileRef = 5FF672D71BB403DC00AAB1AB /* main.m */; };
		5FF672DB1BB403DC00AAB1AB /* AppDelegate.m in Sources */ = {isa = PBXBuildFile; fileRef = 5FF672DA1BB403DC00AAB1AB /* AppDelegate.m */; };
		5FF672E11BB403DC00AAB1AB /* Main.storyboard in Resources */ = {isa = PBXBuildFile; fileRef = 5FF672DF1BB403DC00AAB1AB /* Main.storyboard */; };
		5FF672E31BB403DC00AAB1AB /* Assets.xcassets in Resources */ = {isa = PBXBuildFile; fileRef = 5FF672E21BB403DC00AAB1AB /* Assets.xcassets */; };
		5FF672E61BB403DC00AAB1AB /* LaunchScreen.storyboard in Resources */ = {isa = PBXBuildFile; fileRef = 5FF672E41BB403DC00AAB1AB /* LaunchScreen.storyboard */; };
		5FF672EF1BB403FE00AAB1AB /* HomeViewController.m in Sources */ = {isa = PBXBuildFile; fileRef = 5FF672EE1BB403FE00AAB1AB /* HomeViewController.m */; settings = {ASSET_TAGS = (); }; };
		5FF672F21BB4040B00AAB1AB /* MenuViewController.m in Sources */ = {isa = PBXBuildFile; fileRef = 5FF672F11BB4040B00AAB1AB /* MenuViewController.m */; settings = {ASSET_TAGS = (); }; };
		5FF672F81BB4045B00AAB1AB /* SWRevealViewController.m in Sources */ = {isa = PBXBuildFile; fileRef = 5FF672F71BB4045B00AAB1AB /* SWRevealViewController.m */; settings = {ASSET_TAGS = (); }; };
		5FF672FB1BB406EA00AAB1AB /* BaseViewController.m in Sources */ = {isa = PBXBuildFile; fileRef = 5FF672FA1BB406EA00AAB1AB /* BaseViewController.m */; settings = {ASSET_TAGS = (); }; };
/* End PBXBuildFile section */

/* Begin PBXFileReference section */
		5F0411A41BB91ED80068DC0B /* MovieListViewController.h */ = {isa = PBXFileReference; fileEncoding = 4; lastKnownFileType = sourcecode.c.h; path = MovieListViewController.h; sourceTree = "<group>"; };
		5F0411A51BB91ED80068DC0B /* MovieListViewController.m */ = {isa = PBXFileReference; fileEncoding = 4; lastKnownFileType = sourcecode.c.objc; path = MovieListViewController.m; sourceTree = "<group>"; };
		5FF672D31BB403DC00AAB1AB /* desimartini.app */ = {isa = PBXFileReference; explicitFileType = wrapper.application; includeInIndex = 0; path = desimartini.app; sourceTree = BUILT_PRODUCTS_DIR; };
		5FF672D71BB403DC00AAB1AB /* main.m */ = {isa = PBXFileReference; lastKnownFileType = sourcecode.c.objc; path = main.m; sourceTree = "<group>"; };
		5FF672D91BB403DC00AAB1AB /* AppDelegate.h */ = {isa = PBXFileReference; lastKnownFileType = sourcecode.c.h; path = AppDelegate.h; sourceTree = "<group>"; };
		5FF672DA1BB403DC00AAB1AB /* AppDelegate.m */ = {isa = PBXFileReference; lastKnownFileType = sourcecode.c.objc; path = AppDelegate.m; sourceTree = "<group>"; };
		5FF672E01BB403DC00AAB1AB /* Base */ = {isa = PBXFileReference; lastKnownFileType = file.storyboard; name = Base; path = Base.lproj/Main.storyboard; sourceTree = "<group>"; };
		5FF672E21BB403DC00AAB1AB /* Assets.xcassets */ = {isa = PBXFileReference; lastKnownFileType = folder.assetcatalog; path = Assets.xcassets; sourceTree = "<group>"; };
		5FF672E51BB403DC00AAB1AB /* Base */ = {isa = PBXFileReference; lastKnownFileType = file.storyboard; name = Base; path = Base.lproj/LaunchScreen.storyboard; sourceTree = "<group>"; };
		5FF672E71BB403DC00AAB1AB /* Info.plist */ = {isa = PBXFileReference; lastKnownFileType = text.plist.xml; path = Info.plist; sourceTree = "<group>"; };
		5FF672ED1BB403FE00AAB1AB /* HomeViewController.h */ = {isa = PBXFileReference; fileEncoding = 4; lastKnownFileType = sourcecode.c.h; path = HomeViewController.h; sourceTree = "<group>"; };
		5FF672EE1BB403FE00AAB1AB /* HomeViewController.m */ = {isa = PBXFileReference; fileEncoding = 4; lastKnownFileType = sourcecode.c.objc; path = HomeViewController.m; sourceTree = "<group>"; };
		5FF672F01BB4040B00AAB1AB /* MenuViewController.h */ = {isa = PBXFileReference; fileEncoding = 4; lastKnownFileType = sourcecode.c.h; path = MenuViewController.h; sourceTree = "<group>"; };
		5FF672F11BB4040B00AAB1AB /* MenuViewController.m */ = {isa = PBXFileReference; fileEncoding = 4; lastKnownFileType = sourcecode.c.objc; path = MenuViewController.m; sourceTree = "<group>"; };
		5FF672F61BB4045B00AAB1AB /* SWRevealViewController.h */ = {isa = PBXFileReference; fileEncoding = 4; lastKnownFileType = sourcecode.c.h; path = SWRevealViewController.h; sourceTree = "<group>"; };
		5FF672F71BB4045B00AAB1AB /* SWRevealViewController.m */ = {isa = PBXFileReference; fileEncoding = 4; lastKnownFileType = sourcecode.c.objc; path = SWRevealViewController.m; sourceTree = "<group>"; };
		5FF672F91BB406EA00AAB1AB /* BaseViewController.h */ = {isa = PBXFileReference; fileEncoding = 4; lastKnownFileType = sourcecode.c.h; path = BaseViewController.h; sourceTree = "<group>"; };
		5FF672FA1BB406EA00AAB1AB /* BaseViewController.m */ = {isa = PBXFileReference; fileEncoding = 4; lastKnownFileType = sourcecode.c.objc; path = BaseViewController.m; sourceTree = "<group>"; };
		5FF672FC1BB4072400AAB1AB /* Constants.h */ = {isa = PBXFileReference; lastKnownFileType = sourcecode.c.h; path = Constants.h; sourceTree = "<group>"; };
/* End PBXFileReference section */

/* Begin PBXFrameworksBuildPhase section */
		5FF672D01BB403DC00AAB1AB /* Frameworks */ = {
			isa = PBXFrameworksBuildPhase;
			buildActionMask = 2147483647;
			files = (
			);
			runOnlyForDeploymentPostprocessing = 0;
		};
/* End PBXFrameworksBuildPhase section */

/* Begin PBXGroup section */
		5F0411A31BB91EA70068DC0B /* movie */ = {
			isa = PBXGroup;
			children = (
				5F0411A41BB91ED80068DC0B /* MovieListViewController.h */,
				5F0411A51BB91ED80068DC0B /* MovieListViewController.m */,
			);
			name = movie;
			sourceTree = "<group>";
		};
		5F5DDF2D1BB4172B00F43EBE /* images */ = {
			isa = PBXGroup;
			children = (
			);
			name = images;
			sourceTree = "<group>";
		};
		5F5DDF2E1BB4176100F43EBE /* base */ = {
			isa = PBXGroup;
			children = (
				5FF672ED1BB403FE00AAB1AB /* HomeViewController.h */,
				5FF672EE1BB403FE00AAB1AB /* HomeViewController.m */,
				5FF672F01BB4040B00AAB1AB /* MenuViewController.h */,
				5FF672F11BB4040B00AAB1AB /* MenuViewController.m */,
				5FF672F91BB406EA00AAB1AB /* BaseViewController.h */,
				5FF672FA1BB406EA00AAB1AB /* BaseViewController.m */,
			);
			name = base;
			sourceTree = "<group>";
		};
		5FF672CA1BB403DC00AAB1AB = {
			isa = PBXGroup;
			children = (
				5FF672D51BB403DC00AAB1AB /* desimartini */,
				5FF672D41BB403DC00AAB1AB /* Products */,
			);
			sourceTree = "<group>";
		};
		5FF672D41BB403DC00AAB1AB /* Products */ = {
			isa = PBXGroup;
			children = (
				5FF672D31BB403DC00AAB1AB /* desimartini.app */,
			);
			name = Products;
			sourceTree = "<group>";
		};
		5FF672D51BB403DC00AAB1AB /* desimartini */ = {
			isa = PBXGroup;
			children = (
				5FF672DF1BB403DC00AAB1AB /* Main.storyboard */,
				5F5DDF2E1BB4176100F43EBE /* base */,
				5F0411A31BB91EA70068DC0B /* movie */,
				5FF672D91BB403DC00AAB1AB /* AppDelegate.h */,
				5FF672FC1BB4072400AAB1AB /* Constants.h */,
				5FF672DA1BB403DC00AAB1AB /* AppDelegate.m */,
				5FF672F51BB4045B00AAB1AB /* SWRevealViewController */,
				5FF672E21BB403DC00AAB1AB /* Assets.xcassets */,
				5FF672E41BB403DC00AAB1AB /* LaunchScreen.storyboard */,
				5FF672E71BB403DC00AAB1AB /* Info.plist */,
				5FF672D61BB403DC00AAB1AB /* Supporting Files */,
			);
			path = desimartini;
			sourceTree = "<group>";
		};
		5FF672D61BB403DC00AAB1AB /* Supporting Files */ = {
			isa = PBXGroup;
			children = (
				5F5DDF2D1BB4172B00F43EBE /* images */,
				5FF672D71BB403DC00AAB1AB /* main.m */,
			);
			name = "Supporting Files";
			sourceTree = "<group>";
		};
		5FF672F51BB4045B00AAB1AB /* SWRevealViewController */ = {
			isa = PBXGroup;
			children = (
				5FF672F61BB4045B00AAB1AB /* SWRevealViewController.h */,
				5FF672F71BB4045B00AAB1AB /* SWRevealViewController.m */,
			);
			path = SWRevealViewController;
			sourceTree = SOURCE_ROOT;
		};
/* End PBXGroup section */

/* Begin PBXNativeTarget section */
		5FF672D21BB403DC00AAB1AB /* desimartini */ = {
			isa = PBXNativeTarget;
			buildConfigurationList = 5FF672EA1BB403DC00AAB1AB /* Build configuration list for PBXNativeTarget "desimartini" */;
			buildPhases = (
				5FF672CF1BB403DC00AAB1AB /* Sources */,
				5FF672D01BB403DC00AAB1AB /* Frameworks */,
				5FF672D11BB403DC00AAB1AB /* Resources */,
			);
			buildRules = (
			);
			dependencies = (
			);
			name = desimartini;
			productName = desimartini;
			productReference = 5FF672D31BB403DC00AAB1AB /* desimartini.app */;
			productType = "com.apple.product-type.application";
		};
/* End PBXNativeTarget section */

/* Begin PBXProject section */
		5FF672CB1BB403DC00AAB1AB /* Project object */ = {
			isa = PBXProject;
			attributes = {
				LastUpgradeCheck = 0700;
				ORGANIZATIONNAME = desimartini;
				TargetAttributes = {
					5FF672D21BB403DC00AAB1AB = {
						CreatedOnToolsVersion = 7.0;
						DevelopmentTeam = Z2F8A2K2NA;
					};
				};
			};
			buildConfigurationList = 5FF672CE1BB403DC00AAB1AB /* Build configuration list for PBXProject "desimartini" */;
			compatibilityVersion = "Xcode 3.2";
			developmentRegion = English;
			hasScannedForEncodings = 0;
			knownRegions = (
				en,
				Base,
			);
			mainGroup = 5FF672CA1BB403DC00AAB1AB;
			productRefGroup = 5FF672D41BB403DC00AAB1AB /* Products */;
			projectDirPath = "";
			projectRoot = "";
			targets = (
				5FF672D21BB403DC00AAB1AB /* desimartini */,
			);
		};
/* End PBXProject section */

/* Begin PBXResourcesBuildPhase section */
		5FF672D11BB403DC00AAB1AB /* Resources */ = {
			isa = PBXResourcesBuildPhase;
			buildActionMask = 2147483647;
			files = (
				5FF672E61BB403DC00AAB1AB /* LaunchScreen.storyboard in Resources */,
				5FF672E31BB403DC00AAB1AB /* Assets.xcassets in Resources */,
				5FF672E11BB403DC00AAB1AB /* Main.storyboard in Resources */,
			);
			runOnlyForDeploymentPostprocessing = 0;
		};
/* End PBXResourcesBuildPhase section */

/* Begin PBXSourcesBuildPhase section */
		5FF672CF1BB403DC00AAB1AB /* Sources */ = {
			isa = PBXSourcesBuildPhase;
			buildActionMask = 2147483647;
			files = (
				5FF672DB1BB403DC00AAB1AB /* AppDelegate.m in Sources */,
				5FF672FB1BB406EA00AAB1AB /* BaseViewController.m in Sources */,
				5FF672D81BB403DC00AAB1AB /* main.m in Sources */,
				5F0411A61BB91ED80068DC0B /* MovieListViewController.m in Sources */,
				5FF672F81BB4045B00AAB1AB /* SWRevealViewController.m in Sources */,
				5FF672EF1BB403FE00AAB1AB /* HomeViewController.m in Sources */,
				5FF672F21BB4040B00AAB1AB /* MenuViewController.m in Sources */,
			);
			runOnlyForDeploymentPostprocessing = 0;
		};
/* End PBXSourcesBuildPhase section */

/* Begin PBXVariantGroup section */
		5FF672DF1BB403DC00AAB1AB /* Main.storyboard */ = {
			isa = PBXVariantGroup;
			children = (
				5FF672E01BB403DC00AAB1AB /* Base */,
			);
			name = Main.storyboard;
			sourceTree = "<group>";
		};
		5FF672E41BB403DC00AAB1AB /* LaunchScreen.storyboard */ = {
			isa = PBXVariantGroup;
			children = (
				5FF672E51BB403DC00AAB1AB /* Base */,
			);
			name = LaunchScreen.storyboard;
			sourceTree = "<group>";
		};
/* End PBXVariantGroup section */

/* Begin XCBuildConfiguration section */
		5FF672E81BB403DC00AAB1AB /* Debug */ = {
			isa = XCBuildConfiguration;
			buildSettings = {
				ALWAYS_SEARCH_USER_PATHS = NO;
				CLANG_CXX_LANGUAGE_STANDARD = "gnu++0x";
				CLANG_CXX_LIBRARY = "libc++";
				CLANG_ENABLE_MODULES = YES;
				CLANG_ENABLE_OBJC_ARC = YES;
				CLANG_WARN_BOOL_CONVERSION = YES;
				CLANG_WARN_CONSTANT_CONVERSION = YES;
				CLANG_WARN_DIRECT_OBJC_ISA_USAGE = YES_ERROR;
				CLANG_WARN_EMPTY_BODY = YES;
				CLANG_WARN_ENUM_CONVERSION = YES;
				CLANG_WARN_INT_CONVERSION = YES;
				CLANG_WARN_OBJC_ROOT_CLASS = YES_ERROR;
				CLANG_WARN_UNREACHABLE_CODE = YES;
				CLANG_WARN__DUPLICATE_METHOD_MATCH = YES;
				"CODE_SIGN_IDENTITY[sdk=iphoneos*]" = "iPhone Developer";
				COPY_PHASE_STRIP = NO;
				DEBUG_INFORMATION_FORMAT = dwarf;
				ENABLE_STRICT_OBJC_MSGSEND = YES;
				ENABLE_TESTABILITY = YES;
				GCC_C_LANGUAGE_STANDARD = gnu99;
				GCC_DYNAMIC_NO_PIC = NO;
				GCC_NO_COMMON_BLOCKS = YES;
				GCC_OPTIMIZATION_LEVEL = 0;
				GCC_PREPROCESSOR_DEFINITIONS = (
					"DEBUG=1",
					"$(inherited)",
				);
				GCC_WARN_64_TO_32_BIT_CONVERSION = YES;
				GCC_WARN_ABOUT_RETURN_TYPE = YES_ERROR;
				GCC_WARN_UNDECLARED_SELECTOR = YES;
				GCC_WARN_UNINITIALIZED_AUTOS = YES_AGGRESSIVE;
				GCC_WARN_UNUSED_FUNCTION = YES;
				GCC_WARN_UNUSED_VARIABLE = YES;
				IPHONEOS_DEPLOYMENT_TARGET = 9.0;
				MTL_ENABLE_DEBUG_INFO = YES;
				ONLY_ACTIVE_ARCH = YES;
				SDKROOT = iphoneos;
			};
			name = Debug;
		};
		5FF672E91BB403DC00AAB1AB /* Release */ = {
			isa = XCBuildConfiguration;
			buildSettings = {
				ALWAYS_SEARCH_USER_PATHS = NO;
				CLANG_CXX_LANGUAGE_STANDARD = "gnu++0x";
				CLANG_CXX_LIBRARY = "libc++";
				CLANG_ENABLE_MODULES = YES;
				CLANG_ENABLE_OBJC_ARC = YES;
				CLANG_WARN_BOOL_CONVERSION = YES;
				CLANG_WARN_CONSTANT_CONVERSION = YES;
				CLANG_WARN_DIRECT_OBJC_ISA_USAGE = YES_ERROR;
				CLANG_WARN_EMPTY_BODY = YES;
				CLANG_WARN_ENUM_CONVERSION = YES;
				CLANG_WARN_INT_CONVERSION = YES;
				CLANG_WARN_OBJC_ROOT_CLASS = YES_ERROR;
				CLANG_WARN_UNREACHABLE_CODE = YES;
				CLANG_WARN__DUPLICATE_METHOD_MATCH = YES;
				"CODE_SIGN_IDENTITY[sdk=iphoneos*]" = "iPhone Developer";
				COPY_PHASE_STRIP = NO;
				DEBUG_INFORMATION_FORMAT = "dwarf-with-dsym";
				ENABLE_NS_ASSERTIONS = NO;
				ENABLE_STRICT_OBJC_MSGSEND = YES;
				GCC_C_LANGUAGE_STANDARD = gnu99;
				GCC_NO_COMMON_BLOCKS = YES;
				GCC_WARN_64_TO_32_BIT_CONVERSION = YES;
				GCC_WARN_ABOUT_RETURN_TYPE = YES_ERROR;
				GCC_WARN_UNDECLARED_SELECTOR = YES;
				GCC_WARN_UNINITIALIZED_AUTOS = YES_AGGRESSIVE;
				GCC_WARN_UNUSED_FUNCTION = YES;
				GCC_WARN_UNUSED_VARIABLE = YES;
				IPHONEOS_DEPLOYMENT_TARGET = 9.0;
				MTL_ENABLE_DEBUG_INFO = NO;
				SDKROOT = iphoneos;
				VALIDATE_PRODUCT = YES;
			};
			name = Release;
		};
		5FF672EB1BB403DC00AAB1AB /* Debug */ = {
			isa = XCBuildConfiguration;
			buildSettings = {
				ASSETCATALOG_COMPILER_APPICON_NAME = AppIcon;
				INFOPLIST_FILE = desimartini/Info.plist;
				LD_RUNPATH_SEARCH_PATHS = "$(inherited) @executable_path/Frameworks";
				PRODUCT_BUNDLE_IDENTIFIER = com.desimartini;
				PRODUCT_NAME = "$(TARGET_NAME)";
			};
			name = Debug;
		};
		5FF672EC1BB403DC00AAB1AB /* Release */ = {
			isa = XCBuildConfiguration;
			buildSettings = {
				ASSETCATALOG_COMPILER_APPICON_NAME = AppIcon;
				INFOPLIST_FILE = desimartini/Info.plist;
				LD_RUNPATH_SEARCH_PATHS = "$(inherited) @executable_path/Frameworks";
				PRODUCT_BUNDLE_IDENTIFIER = com.desimartini;
				PRODUCT_NAME = "$(TARGET_NAME)";
			};
			name = Release;
		};
/* End XCBuildConfiguration section */

/* Begin XCConfigurationList section */
		5FF672CE1BB403DC00AAB1AB /* Build configuration list for PBXProject "desimartini" */ = {
			isa = XCConfigurationList;
			buildConfigurations = (
				5FF672E81BB403DC00AAB1AB /* Debug */,
				5FF672E91BB403DC00AAB1AB /* Release */,
			);
			defaultConfigurationIsVisible = 0;
			defaultConfigurationName = Release;
		};
		5FF672EA1BB403DC00AAB1AB /* Build configuration list for PBXNativeTarget "desimartini" */ = {
			isa = XCConfigurationList;
			buildConfigurations = (
				5FF672EB1BB403DC00AAB1AB /* Debug */,
				5FF672EC1BB403DC00AAB1AB /* Release */,
			);
			defaultConfigurationIsVisible = 0;
			defaultConfigurationName = Release;
		};
/* End XCConfigurationList section */
	};
	rootObject = 5FF672CB1BB403DC00AAB1AB /* Project object */;
}
